// !$*UTF8*$!
{
	archiveVersion = 1;
	classes = {
	};
	objectVersion = 50;
	objects = {

/* Begin PBXBuildFile section */
		1409032224CCBA13000440FD /* BrowserView.swift in Sources */ = {isa = PBXBuildFile; fileRef = 1409032124CCBA13000440FD /* BrowserView.swift */; };
		1412DEB824D061AA00099C5E /* FixaProtocol.swift in Sources */ = {isa = PBXBuildFile; fileRef = 1412DEB724D061AA00099C5E /* FixaProtocol.swift */; };
		14D2B13424CACC2D007DD082 /* AppDelegate.swift in Sources */ = {isa = PBXBuildFile; fileRef = 14D2B13324CACC2D007DD082 /* AppDelegate.swift */; };
		14D2B13624CACC2D007DD082 /* ControlPanelView.swift in Sources */ = {isa = PBXBuildFile; fileRef = 14D2B13524CACC2D007DD082 /* ControlPanelView.swift */; };
		14D2B13824CACC2E007DD082 /* Assets.xcassets in Resources */ = {isa = PBXBuildFile; fileRef = 14D2B13724CACC2E007DD082 /* Assets.xcassets */; };
		14D2B13B24CACC2E007DD082 /* Preview Assets.xcassets in Resources */ = {isa = PBXBuildFile; fileRef = 14D2B13A24CACC2E007DD082 /* Preview Assets.xcassets */; };
		14D2B13E24CACC2E007DD082 /* Main.storyboard in Resources */ = {isa = PBXBuildFile; fileRef = 14D2B13C24CACC2E007DD082 /* Main.storyboard */; };
		14D2B14A24CACC2E007DD082 /* fixa_cncTests.swift in Sources */ = {isa = PBXBuildFile; fileRef = 14D2B14924CACC2E007DD082 /* fixa_cncTests.swift */; };
		14D2B17924CB028B007DD082 /* FixaServer.swift in Sources */ = {isa = PBXBuildFile; fileRef = 14D2B17824CB028B007DD082 /* FixaServer.swift */; };
/* End PBXBuildFile section */

/* Begin PBXContainerItemProxy section */
		14D2B14624CACC2E007DD082 /* PBXContainerItemProxy */ = {
			isa = PBXContainerItemProxy;
			containerPortal = 14D2B12824CACC2D007DD082 /* Project object */;
			proxyType = 1;
			remoteGlobalIDString = 14D2B12F24CACC2D007DD082;
			remoteInfo = "fixa-cnc";
		};
/* End PBXContainerItemProxy section */

/* Begin PBXFileReference section */
		1409032124CCBA13000440FD /* BrowserView.swift */ = {isa = PBXFileReference; lastKnownFileType = sourcecode.swift; path = BrowserView.swift; sourceTree = "<group>"; };
		1412DEB724D061AA00099C5E /* FixaProtocol.swift */ = {isa = PBXFileReference; fileEncoding = 4; lastKnownFileType = sourcecode.swift; name = FixaProtocol.swift; path = "../../fixa-client/fixa-client/FixaProtocol.swift"; sourceTree = "<group>"; };
		14D2B13024CACC2D007DD082 /* fixa-cnc.app */ = {isa = PBXFileReference; explicitFileType = wrapper.application; includeInIndex = 0; path = "fixa-cnc.app"; sourceTree = BUILT_PRODUCTS_DIR; };
		14D2B13324CACC2D007DD082 /* AppDelegate.swift */ = {isa = PBXFileReference; lastKnownFileType = sourcecode.swift; path = AppDelegate.swift; sourceTree = "<group>"; };
		14D2B13524CACC2D007DD082 /* ControlPanelView.swift */ = {isa = PBXFileReference; lastKnownFileType = sourcecode.swift; path = ControlPanelView.swift; sourceTree = "<group>"; };
		14D2B13724CACC2E007DD082 /* Assets.xcassets */ = {isa = PBXFileReference; lastKnownFileType = folder.assetcatalog; path = Assets.xcassets; sourceTree = "<group>"; };
		14D2B13A24CACC2E007DD082 /* Preview Assets.xcassets */ = {isa = PBXFileReference; lastKnownFileType = folder.assetcatalog; path = "Preview Assets.xcassets"; sourceTree = "<group>"; };
		14D2B13D24CACC2E007DD082 /* Base */ = {isa = PBXFileReference; lastKnownFileType = file.storyboard; name = Base; path = Base.lproj/Main.storyboard; sourceTree = "<group>"; };
		14D2B13F24CACC2E007DD082 /* Info.plist */ = {isa = PBXFileReference; lastKnownFileType = text.plist.xml; path = Info.plist; sourceTree = "<group>"; };
		14D2B14024CACC2E007DD082 /* fixa_cnc.entitlements */ = {isa = PBXFileReference; lastKnownFileType = text.plist.entitlements; path = fixa_cnc.entitlements; sourceTree = "<group>"; };
		14D2B14524CACC2E007DD082 /* fixa-cncTests.xctest */ = {isa = PBXFileReference; explicitFileType = wrapper.cfbundle; includeInIndex = 0; path = "fixa-cncTests.xctest"; sourceTree = BUILT_PRODUCTS_DIR; };
		14D2B14924CACC2E007DD082 /* fixa_cncTests.swift */ = {isa = PBXFileReference; lastKnownFileType = sourcecode.swift; path = fixa_cncTests.swift; sourceTree = "<group>"; };
		14D2B14B24CACC2E007DD082 /* Info.plist */ = {isa = PBXFileReference; lastKnownFileType = text.plist.xml; path = Info.plist; sourceTree = "<group>"; };
		14D2B17824CB028B007DD082 /* FixaServer.swift */ = {isa = PBXFileReference; lastKnownFileType = sourcecode.swift; path = FixaServer.swift; sourceTree = "<group>"; };
/* End PBXFileReference section */

/* Begin PBXFrameworksBuildPhase section */
		14D2B12D24CACC2D007DD082 /* Frameworks */ = {
			isa = PBXFrameworksBuildPhase;
			buildActionMask = 2147483647;
			files = (
			);
			runOnlyForDeploymentPostprocessing = 0;
		};
		14D2B14224CACC2E007DD082 /* Frameworks */ = {
			isa = PBXFrameworksBuildPhase;
			buildActionMask = 2147483647;
			files = (
			);
			runOnlyForDeploymentPostprocessing = 0;
		};
/* End PBXFrameworksBuildPhase section */

/* Begin PBXGroup section */
		1409032324CCBB19000440FD /* Views */ = {
			isa = PBXGroup;
			children = (
				1409032124CCBA13000440FD /* BrowserView.swift */,
				14D2B13524CACC2D007DD082 /* ControlPanelView.swift */,
			);
			path = Views;
			sourceTree = "<group>";
		};
		14D2B12724CACC2D007DD082 = {
			isa = PBXGroup;
			children = (
				14D2B13224CACC2D007DD082 /* fixa-cnc */,
				14D2B14824CACC2E007DD082 /* fixa-cncTests */,
				14D2B13124CACC2D007DD082 /* Products */,
			);
			sourceTree = "<group>";
		};
		14D2B13124CACC2D007DD082 /* Products */ = {
			isa = PBXGroup;
			children = (
				14D2B13024CACC2D007DD082 /* fixa-cnc.app */,
				14D2B14524CACC2E007DD082 /* fixa-cncTests.xctest */,
			);
			name = Products;
			sourceTree = "<group>";
		};
		14D2B13224CACC2D007DD082 /* fixa-cnc */ = {
			isa = PBXGroup;
			children = (
				14D2B13324CACC2D007DD082 /* AppDelegate.swift */,
				14D2B17824CB028B007DD082 /* FixaServer.swift */,
				1412DEB724D061AA00099C5E /* FixaProtocol.swift */,
				1409032324CCBB19000440FD /* Views */,
				14D2B13724CACC2E007DD082 /* Assets.xcassets */,
				14D2B13C24CACC2E007DD082 /* Main.storyboard */,
				14D2B13F24CACC2E007DD082 /* Info.plist */,
				14D2B14024CACC2E007DD082 /* fixa_cnc.entitlements */,
				14D2B13924CACC2E007DD082 /* Preview Content */,
			);
			path = "fixa-cnc";
			sourceTree = "<group>";
		};
		14D2B13924CACC2E007DD082 /* Preview Content */ = {
			isa = PBXGroup;
			children = (
				14D2B13A24CACC2E007DD082 /* Preview Assets.xcassets */,
			);
			path = "Preview Content";
			sourceTree = "<group>";
		};
		14D2B14824CACC2E007DD082 /* fixa-cncTests */ = {
			isa = PBXGroup;
			children = (
				14D2B14924CACC2E007DD082 /* fixa_cncTests.swift */,
				14D2B14B24CACC2E007DD082 /* Info.plist */,
			);
			path = "fixa-cncTests";
			sourceTree = "<group>";
		};
/* End PBXGroup section */

/* Begin PBXNativeTarget section */
		14D2B12F24CACC2D007DD082 /* fixa-cnc */ = {
			isa = PBXNativeTarget;
			buildConfigurationList = 14D2B14E24CACC2E007DD082 /* Build configuration list for PBXNativeTarget "fixa-cnc" */;
			buildPhases = (
				14D2B12C24CACC2D007DD082 /* Sources */,
				14D2B12D24CACC2D007DD082 /* Frameworks */,
				14D2B12E24CACC2D007DD082 /* Resources */,
			);
			buildRules = (
			);
			dependencies = (
			);
			name = "fixa-cnc";
			productName = "fixa-cnc";
			productReference = 14D2B13024CACC2D007DD082 /* fixa-cnc.app */;
			productType = "com.apple.product-type.application";
		};
		14D2B14424CACC2E007DD082 /* fixa-cncTests */ = {
			isa = PBXNativeTarget;
			buildConfigurationList = 14D2B15124CACC2E007DD082 /* Build configuration list for PBXNativeTarget "fixa-cncTests" */;
			buildPhases = (
				14D2B14124CACC2E007DD082 /* Sources */,
				14D2B14224CACC2E007DD082 /* Frameworks */,
				14D2B14324CACC2E007DD082 /* Resources */,
			);
			buildRules = (
			);
			dependencies = (
				14D2B14724CACC2E007DD082 /* PBXTargetDependency */,
			);
			name = "fixa-cncTests";
			productName = "fixa-cncTests";
			productReference = 14D2B14524CACC2E007DD082 /* fixa-cncTests.xctest */;
			productType = "com.apple.product-type.bundle.unit-test";
		};
/* End PBXNativeTarget section */

/* Begin PBXProject section */
		14D2B12824CACC2D007DD082 /* Project object */ = {
			isa = PBXProject;
			attributes = {
				LastSwiftUpdateCheck = 1160;
				LastUpgradeCheck = 1160;
				ORGANIZATIONNAME = "Ivan Milles";
				TargetAttributes = {
					14D2B12F24CACC2D007DD082 = {
						CreatedOnToolsVersion = 11.6;
					};
					14D2B14424CACC2E007DD082 = {
						CreatedOnToolsVersion = 11.6;
						TestTargetID = 14D2B12F24CACC2D007DD082;
					};
				};
			};
			buildConfigurationList = 14D2B12B24CACC2D007DD082 /* Build configuration list for PBXProject "fixa-cnc" */;
			compatibilityVersion = "Xcode 9.3";
			developmentRegion = en;
			hasScannedForEncodings = 0;
			knownRegions = (
				en,
				Base,
			);
			mainGroup = 14D2B12724CACC2D007DD082;
			productRefGroup = 14D2B13124CACC2D007DD082 /* Products */;
			projectDirPath = "";
			projectRoot = "";
			targets = (
				14D2B12F24CACC2D007DD082 /* fixa-cnc */,
				14D2B14424CACC2E007DD082 /* fixa-cncTests */,
			);
		};
/* End PBXProject section */

/* Begin PBXResourcesBuildPhase section */
		14D2B12E24CACC2D007DD082 /* Resources */ = {
			isa = PBXResourcesBuildPhase;
			buildActionMask = 2147483647;
			files = (
				14D2B13E24CACC2E007DD082 /* Main.storyboard in Resources */,
				14D2B13B24CACC2E007DD082 /* Preview Assets.xcassets in Resources */,
				14D2B13824CACC2E007DD082 /* Assets.xcassets in Resources */,
			);
			runOnlyForDeploymentPostprocessing = 0;
		};
		14D2B14324CACC2E007DD082 /* Resources */ = {
			isa = PBXResourcesBuildPhase;
			buildActionMask = 2147483647;
			files = (
			);
			runOnlyForDeploymentPostprocessing = 0;
		};
/* End PBXResourcesBuildPhase section */

/* Begin PBXSourcesBuildPhase section */
		14D2B12C24CACC2D007DD082 /* Sources */ = {
			isa = PBXSourcesBuildPhase;
			buildActionMask = 2147483647;
			files = (
				14D2B13624CACC2D007DD082 /* ControlPanelView.swift in Sources */,
				14D2B13424CACC2D007DD082 /* AppDelegate.swift in Sources */,
				1412DEB824D061AA00099C5E /* FixaProtocol.swift in Sources */,
				14D2B17924CB028B007DD082 /* FixaServer.swift in Sources */,
				1409032224CCBA13000440FD /* BrowserView.swift in Sources */,
			);
			runOnlyForDeploymentPostprocessing = 0;
		};
		14D2B14124CACC2E007DD082 /* Sources */ = {
			isa = PBXSourcesBuildPhase;
			buildActionMask = 2147483647;
			files = (
				14D2B14A24CACC2E007DD082 /* fixa_cncTests.swift in Sources */,
			);
			runOnlyForDeploymentPostprocessing = 0;
		};
/* End PBXSourcesBuildPhase section */

/* Begin PBXTargetDependency section */
		14D2B14724CACC2E007DD082 /* PBXTargetDependency */ = {
			isa = PBXTargetDependency;
			target = 14D2B12F24CACC2D007DD082 /* fixa-cnc */;
			targetProxy = 14D2B14624CACC2E007DD082 /* PBXContainerItemProxy */;
		};
/* End PBXTargetDependency section */

/* Begin PBXVariantGroup section */
		14D2B13C24CACC2E007DD082 /* Main.storyboard */ = {
			isa = PBXVariantGroup;
			children = (
				14D2B13D24CACC2E007DD082 /* Base */,
			);
			name = Main.storyboard;
			sourceTree = "<group>";
		};
/* End PBXVariantGroup section */

/* Begin XCBuildConfiguration section */
		14D2B14C24CACC2E007DD082 /* Debug */ = {
			isa = XCBuildConfiguration;
			buildSettings = {
				ALWAYS_SEARCH_USER_PATHS = NO;
				CLANG_ANALYZER_NONNULL = YES;
				CLANG_ANALYZER_NUMBER_OBJECT_CONVERSION = YES_AGGRESSIVE;
				CLANG_CXX_LANGUAGE_STANDARD = "gnu++14";
				CLANG_CXX_LIBRARY = "libc++";
				CLANG_ENABLE_MODULES = YES;
				CLANG_ENABLE_OBJC_ARC = YES;
				CLANG_ENABLE_OBJC_WEAK = YES;
				CLANG_WARN_BLOCK_CAPTURE_AUTORELEASING = YES;
				CLANG_WARN_BOOL_CONVERSION = YES;
				CLANG_WARN_COMMA = YES;
				CLANG_WARN_CONSTANT_CONVERSION = YES;
				CLANG_WARN_DEPRECATED_OBJC_IMPLEMENTATIONS = YES;
				CLANG_WARN_DIRECT_OBJC_ISA_USAGE = YES_ERROR;
				CLANG_WARN_DOCUMENTATION_COMMENTS = YES;
				CLANG_WARN_EMPTY_BODY = YES;
				CLANG_WARN_ENUM_CONVERSION = YES;
				CLANG_WARN_INFINITE_RECURSION = YES;
				CLANG_WARN_INT_CONVERSION = YES;
				CLANG_WARN_NON_LITERAL_NULL_CONVERSION = YES;
				CLANG_WARN_OBJC_IMPLICIT_RETAIN_SELF = YES;
				CLANG_WARN_OBJC_LITERAL_CONVERSION = YES;
				CLANG_WARN_OBJC_ROOT_CLASS = YES_ERROR;
				CLANG_WARN_RANGE_LOOP_ANALYSIS = YES;
				CLANG_WARN_STRICT_PROTOTYPES = YES;
				CLANG_WARN_SUSPICIOUS_MOVE = YES;
				CLANG_WARN_UNGUARDED_AVAILABILITY = YES_AGGRESSIVE;
				CLANG_WARN_UNREACHABLE_CODE = YES;
				CLANG_WARN__DUPLICATE_METHOD_MATCH = YES;
				COPY_PHASE_STRIP = NO;
				DEBUG_INFORMATION_FORMAT = dwarf;
				ENABLE_STRICT_OBJC_MSGSEND = YES;
				ENABLE_TESTABILITY = YES;
				GCC_C_LANGUAGE_STANDARD = gnu11;
				GCC_DYNAMIC_NO_PIC = NO;
				GCC_NO_COMMON_BLOCKS = YES;
				GCC_OPTIMIZATION_LEVEL = 0;
				GCC_PREPROCESSOR_DEFINITIONS = (
					"DEBUG=1",
					"$(inherited)",
				);
				GCC_WARN_64_TO_32_BIT_CONVERSION = YES;
				GCC_WARN_ABOUT_RETURN_TYPE = YES_ERROR;
				GCC_WARN_UNDECLARED_SELECTOR = YES;
				GCC_WARN_UNINITIALIZED_AUTOS = YES_AGGRESSIVE;
				GCC_WARN_UNUSED_FUNCTION = YES;
				GCC_WARN_UNUSED_VARIABLE = YES;
				MACOSX_DEPLOYMENT_TARGET = 10.15;
				MTL_ENABLE_DEBUG_INFO = INCLUDE_SOURCE;
				MTL_FAST_MATH = YES;
				ONLY_ACTIVE_ARCH = YES;
				SDKROOT = macosx;
				SWIFT_ACTIVE_COMPILATION_CONDITIONS = DEBUG;
				SWIFT_OPTIMIZATION_LEVEL = "-Onone";
			};
			name = Debug;
		};
		14D2B14D24CACC2E007DD082 /* Release */ = {
			isa = XCBuildConfiguration;
			buildSettings = {
				ALWAYS_SEARCH_USER_PATHS = NO;
				CLANG_ANALYZER_NONNULL = YES;
				CLANG_ANALYZER_NUMBER_OBJECT_CONVERSION = YES_AGGRESSIVE;
				CLANG_CXX_LANGUAGE_STANDARD = "gnu++14";
				CLANG_CXX_LIBRARY = "libc++";
				CLANG_ENABLE_MODULES = YES;
				CLANG_ENABLE_OBJC_ARC = YES;
				CLANG_ENABLE_OBJC_WEAK = YES;
				CLANG_WARN_BLOCK_CAPTURE_AUTORELEASING = YES;
				CLANG_WARN_BOOL_CONVERSION = YES;
				CLANG_WARN_COMMA = YES;
				CLANG_WARN_CONSTANT_CONVERSION = YES;
				CLANG_WARN_DEPRECATED_OBJC_IMPLEMENTATIONS = YES;
				CLANG_WARN_DIRECT_OBJC_ISA_USAGE = YES_ERROR;
				CLANG_WARN_DOCUMENTATION_COMMENTS = YES;
				CLANG_WARN_EMPTY_BODY = YES;
				CLANG_WARN_ENUM_CONVERSION = YES;
				CLANG_WARN_INFINITE_RECURSION = YES;
				CLANG_WARN_INT_CONVERSION = YES;
				CLANG_WARN_NON_LITERAL_NULL_CONVERSION = YES;
				CLANG_WARN_OBJC_IMPLICIT_RETAIN_SELF = YES;
				CLANG_WARN_OBJC_LITERAL_CONVERSION = YES;
				CLANG_WARN_OBJC_ROOT_CLASS = YES_ERROR;
				CLANG_WARN_RANGE_LOOP_ANALYSIS = YES;
				CLANG_WARN_STRICT_PROTOTYPES = YES;
				CLANG_WARN_SUSPICIOUS_MOVE = YES;
				CLANG_WARN_UNGUARDED_AVAILABILITY = YES_AGGRESSIVE;
				CLANG_WARN_UNREACHABLE_CODE = YES;
				CLANG_WARN__DUPLICATE_METHOD_MATCH = YES;
				COPY_PHASE_STRIP = NO;
				DEBUG_INFORMATION_FORMAT = "dwarf-with-dsym";
				ENABLE_NS_ASSERTIONS = NO;
				ENABLE_STRICT_OBJC_MSGSEND = YES;
				GCC_C_LANGUAGE_STANDARD = gnu11;
				GCC_NO_COMMON_BLOCKS = YES;
				GCC_WARN_64_TO_32_BIT_CONVERSION = YES;
				GCC_WARN_ABOUT_RETURN_TYPE = YES_ERROR;
				GCC_WARN_UNDECLARED_SELECTOR = YES;
				GCC_WARN_UNINITIALIZED_AUTOS = YES_AGGRESSIVE;
				GCC_WARN_UNUSED_FUNCTION = YES;
				GCC_WARN_UNUSED_VARIABLE = YES;
				MACOSX_DEPLOYMENT_TARGET = 10.15;
				MTL_ENABLE_DEBUG_INFO = NO;
				MTL_FAST_MATH = YES;
				SDKROOT = macosx;
				SWIFT_COMPILATION_MODE = wholemodule;
				SWIFT_OPTIMIZATION_LEVEL = "-O";
			};
			name = Release;
		};
		14D2B14F24CACC2E007DD082 /* Debug */ = {
			isa = XCBuildConfiguration;
			buildSettings = {
				ASSETCATALOG_COMPILER_APPICON_NAME = AppIcon;
				CODE_SIGN_ENTITLEMENTS = "fixa-cnc/fixa_cnc.entitlements";
				CODE_SIGN_STYLE = Automatic;
				COMBINE_HIDPI_IMAGES = YES;
				DEVELOPMENT_ASSET_PATHS = "\"fixa-cnc/Preview Content\"";
				DEVELOPMENT_TEAM = Y4JDRD37Q9;
				ENABLE_HARDENED_RUNTIME = YES;
				ENABLE_PREVIEWS = YES;
				INFOPLIST_FILE = "fixa-cnc/Info.plist";
				LD_RUNPATH_SEARCH_PATHS = (
					"$(inherited)",
					"@executable_path/../Frameworks",
				);
				MACOSX_DEPLOYMENT_TARGET = 10.15;
				PRODUCT_BUNDLE_IDENTIFIER = "se.rusted.fixa-cnc";
				PRODUCT_NAME = "$(TARGET_NAME)";
				SWIFT_VERSION = 5.0;
			};
			name = Debug;
		};
		14D2B15024CACC2E007DD082 /* Release */ = {
			isa = XCBuildConfiguration;
			buildSettings = {
				ASSETCATALOG_COMPILER_APPICON_NAME = AppIcon;
				CODE_SIGN_ENTITLEMENTS = "fixa-cnc/fixa_cnc.entitlements";
				CODE_SIGN_STYLE = Automatic;
				COMBINE_HIDPI_IMAGES = YES;
				DEVELOPMENT_ASSET_PATHS = "\"fixa-cnc/Preview Content\"";
				DEVELOPMENT_TEAM = Y4JDRD37Q9;
				ENABLE_HARDENED_RUNTIME = YES;
				ENABLE_PREVIEWS = YES;
				INFOPLIST_FILE = "fixa-cnc/Info.plist";
				LD_RUNPATH_SEARCH_PATHS = (
					"$(inherited)",
					"@executable_path/../Frameworks",
				);
				MACOSX_DEPLOYMENT_TARGET = 10.15;
				PRODUCT_BUNDLE_IDENTIFIER = "se.rusted.fixa-cnc";
				PRODUCT_NAME = "$(TARGET_NAME)";
				SWIFT_VERSION = 5.0;
			};
			name = Release;
		};
		14D2B15224CACC2E007DD082 /* Debug */ = {
			isa = XCBuildConfiguration;
			buildSettings = {
				ALWAYS_EMBED_SWIFT_STANDARD_LIBRARIES = YES;
				BUNDLE_LOADER = "$(TEST_HOST)";
				CODE_SIGN_STYLE = Automatic;
				COMBINE_HIDPI_IMAGES = YES;
				DEVELOPMENT_TEAM = Y4JDRD37Q9;
				INFOPLIST_FILE = "fixa-cncTests/Info.plist";
				LD_RUNPATH_SEARCH_PATHS = (
					"$(inherited)",
					"@executable_path/../Frameworks",
					"@loader_path/../Frameworks",
				);
				MACOSX_DEPLOYMENT_TARGET = 10.15;
				PRODUCT_BUNDLE_IDENTIFIER = "se.rusted.fixa-cncTests";
				PRODUCT_NAME = "$(TARGET_NAME)";
				SWIFT_VERSION = 5.0;
				TEST_HOST = "$(BUILT_PRODUCTS_DIR)/fixa-cnc.app/Contents/MacOS/fixa-cnc";
			};
			name = Debug;
		};
		14D2B15324CACC2E007DD082 /* Release */ = {
			isa = XCBuildConfiguration;
			buildSettings = {
				ALWAYS_EMBED_SWIFT_STANDARD_LIBRARIES = YES;
				BUNDLE_LOADER = "$(TEST_HOST)";
				CODE_SIGN_STYLE = Automatic;
				COMBINE_HIDPI_IMAGES = YES;
				DEVELOPMENT_TEAM = Y4JDRD37Q9;
				INFOPLIST_FILE = "fixa-cncTests/Info.plist";
				LD_RUNPATH_SEARCH_PATHS = (
					"$(inherited)",
					"@executable_path/../Frameworks",
					"@loader_path/../Frameworks",
				);
				MACOSX_DEPLOYMENT_TARGET = 10.15;
				PRODUCT_BUNDLE_IDENTIFIER = "se.rusted.fixa-cncTests";
				PRODUCT_NAME = "$(TARGET_NAME)";
				SWIFT_VERSION = 5.0;
				TEST_HOST = "$(BUILT_PRODUCTS_DIR)/fixa-cnc.app/Contents/MacOS/fixa-cnc";
			};
			name = Release;
		};
/* End XCBuildConfiguration section */

/* Begin XCConfigurationList section */
		14D2B12B24CACC2D007DD082 /* Build configuration list for PBXProject "fixa-cnc" */ = {
			isa = XCConfigurationList;
			buildConfigurations = (
				14D2B14C24CACC2E007DD082 /* Debug */,
				14D2B14D24CACC2E007DD082 /* Release */,
			);
			defaultConfigurationIsVisible = 0;
			defaultConfigurationName = Release;
		};
		14D2B14E24CACC2E007DD082 /* Build configuration list for PBXNativeTarget "fixa-cnc" */ = {
			isa = XCConfigurationList;
			buildConfigurations = (
				14D2B14F24CACC2E007DD082 /* Debug */,
				14D2B15024CACC2E007DD082 /* Release */,
			);
			defaultConfigurationIsVisible = 0;
			defaultConfigurationName = Release;
		};
		14D2B15124CACC2E007DD082 /* Build configuration list for PBXNativeTarget "fixa-cncTests" */ = {
			isa = XCConfigurationList;
			buildConfigurations = (
				14D2B15224CACC2E007DD082 /* Debug */,
				14D2B15324CACC2E007DD082 /* Release */,
			);
			defaultConfigurationIsVisible = 0;
			defaultConfigurationName = Release;
		};
/* End XCConfigurationList section */
	};
	rootObject = 14D2B12824CACC2D007DD082 /* Project object */;
}
